
Microsoft Visual Studio Solution File, Format Version 10.00
# Visual Studio 2008
Project("{8BC9CEB8-8B4A-11D0-8D11-00A0C91BC942}") = "game", "game.vcproj", "{64A4D2B6-F14D-4580-B390-C4985AB0A45F}"
EndProject
Global
	GlobalSection(SolutionConfigurationPlatforms) = preSolution
		Debug|Win32 = Debug|Win32
		Release|Win32 = Release|Win32
	EndGlobalSection
	GlobalSection(ProjectConfigurationPlatforms) = postSolution
		{64A4D2B6-F14D-4580-B390-C4985AB0A45F}.Debug|Win32.ActiveCfg = Debug|Win32
		{64A4D2B6-F14D-4580-B390-C4985AB0A45F}.Debug|Win32.Build.0 = Debug|Win32
		{64A4D2B6-F14D-4580-B390-C4985AB0A45F}.Release|Win32.ActiveCfg = Release|Win32
		{64A4D2B6-F14D-4580-B390-C4985AB0A45F}.Release|Win32.Build.0 = Release|Win32
	EndGlobalSection
	GlobalSection(SolutionProperties) = preSolution
		HideSolutionNode = FALSE
	EndGlobalSection
EndGlobal
